Microsoft Visual Studio Solution File, Format Version 12.00
# Visual Studio Version 17
VisualStudioVersion = 17.5.2.0
MinimumVisualStudioVersion = 10.0.40219.1
Project("{FAE04EC0-301F-11D3-BF4B-00C04F79EFBC}") = "RateLimiterTests", "RateLimiterTests.csproj", "{8A5F587B-242B-396F-6F4C-A63504A26672}"
EndProject
Global
	GlobalSection(SolutionConfigurationPlatforms) = preSolution
		Debug|Any CPU = Debug|Any CPU
		Release|Any CPU = Release|Any CPU
	EndGlobalSection
	GlobalSection(ProjectConfigurationPlatforms) = postSolution
		{8A5F587B-242B-396F-6F4C-A63504A26672}.Debug|Any CPU.ActiveCfg = Debug|Any CPU
		{8A5F587B-242B-396F-6F4C-A63504A26672}.Debug|Any CPU.Build.0 = Debug|Any CPU
		{8A5F587B-242B-396F-6F4C-A63504A26672}.Release|Any CPU.ActiveCfg = Release|Any CPU
		{8A5F587B-242B-396F-6F4C-A63504A26672}.Release|Any CPU.Build.0 = Release|Any CPU
	EndGlobalSection
	GlobalSection(SolutionProperties) = preSolution
		HideSolutionNode = FALSE
	EndGlobalSection
	GlobalSection(ExtensibilityGlobals) = postSolution
		SolutionGuid = {7E73EE17-E6E8-472E-B5C4-846ABAF6464E}
	EndGlobalSection
EndGlobal
