Microsoft Visual Studio Solution File, Format Version 12.00
# Visual Studio Version 17
VisualStudioVersion = 17.5.2.0
MinimumVisualStudioVersion = 10.0.40219.1
Project("{FAE04EC0-301F-11D3-BF4B-00C04F79EFBC}") = "RateLimiterApp", "RateLimiterApp.csproj", "{468D2891-9750-9762-CB56-407F6650ED13}"
EndProject
Global
	GlobalSection(SolutionConfigurationPlatforms) = preSolution
		Debug|Any CPU = Debug|Any CPU
		Release|Any CPU = Release|Any CPU
	EndGlobalSection
	GlobalSection(ProjectConfigurationPlatforms) = postSolution
		{468D2891-9750-9762-CB56-407F6650ED13}.Debug|Any CPU.ActiveCfg = Debug|Any CPU
		{468D2891-9750-9762-CB56-407F6650ED13}.Debug|Any CPU.Build.0 = Debug|Any CPU
		{468D2891-9750-9762-CB56-407F6650ED13}.Release|Any CPU.ActiveCfg = Release|Any CPU
		{468D2891-9750-9762-CB56-407F6650ED13}.Release|Any CPU.Build.0 = Release|Any CPU
	EndGlobalSection
	GlobalSection(SolutionProperties) = preSolution
		HideSolutionNode = FALSE
	EndGlobalSection
	GlobalSection(ExtensibilityGlobals) = postSolution
		SolutionGuid = {6E37F13C-572C-4C2F-84FA-F9B093B00D0F}
	EndGlobalSection
EndGlobal
